
Microsoft Visual Studio Solution File, Format Version 12.00
# Visual Studio 15
VisualStudioVersion = 15.0.28307.421
MinimumVisualStudioVersion = 10.0.40219.1
Project("{FAE04EC0-301F-11D3-BF4B-00C04F79EFBC}") = "TriggerTheBomb.Android", "TriggerTheBomb\TriggerTheBomb.Android\TriggerTheBomb.Android.csproj", "{6E3A04D0-DD9B-4202-A2E6-A67590349A3A}"
EndProject
Project("{FAE04EC0-301F-11D3-BF4B-00C04F79EFBC}") = "TriggerTheBomb.iOS", "TriggerTheBomb\TriggerTheBomb.iOS\TriggerTheBomb.iOS.csproj", "{4565140D-0E61-4D05-A695-E3BA4D69DA4F}"
EndProject
Project("{FAE04EC0-301F-11D3-BF4B-00C04F79EFBC}") = "TriggerTheBomb", "TriggerTheBomb\TriggerTheBomb\TriggerTheBomb.csproj", "{4813A0C8-3887-4A73-AA1B-7A510148FEC0}"
EndProject
Global
	GlobalSection(SolutionConfigurationPlatforms) = preSolution
		Ad-Hoc|Any CPU = Ad-Hoc|Any CPU
		Ad-Hoc|iPhone = Ad-Hoc|iPhone
		Ad-Hoc|iPhoneSimulator = Ad-Hoc|iPhoneSimulator
		AppStore|Any CPU = AppStore|Any CPU
		AppStore|iPhone = AppStore|iPhone
		AppStore|iPhoneSimulator = AppStore|iPhoneSimulator
		Debug|Any CPU = Debug|Any CPU
		Debug|iPhone = Debug|iPhone
		Debug|iPhoneSimulator = Debug|iPhoneSimulator
		Release|Any CPU = Release|Any CPU
		Release|iPhone = Release|iPhone
		Release|iPhoneSimulator = Release|iPhoneSimulator
	EndGlobalSection
	GlobalSection(ProjectConfigurationPlatforms) = postSolution
		{6E3A04D0-DD9B-4202-A2E6-A67590349A3A}.Ad-Hoc|Any CPU.ActiveCfg = Release|Any CPU
		{6E3A04D0-DD9B-4202-A2E6-A67590349A3A}.Ad-Hoc|Any CPU.Build.0 = Release|Any CPU
		{6E3A04D0-DD9B-4202-A2E6-A67590349A3A}.Ad-Hoc|Any CPU.Deploy.0 = Release|Any CPU
		{6E3A04D0-DD9B-4202-A2E6-A67590349A3A}.Ad-Hoc|iPhone.ActiveCfg = Release|Any CPU
		{6E3A04D0-DD9B-4202-A2E6-A67590349A3A}.Ad-Hoc|iPhone.Build.0 = Release|Any CPU
		{6E3A04D0-DD9B-4202-A2E6-A67590349A3A}.Ad-Hoc|iPhone.Deploy.0 = Release|Any CPU
		{6E3A04D0-DD9B-4202-A2E6-A67590349A3A}.Ad-Hoc|iPhoneSimulator.ActiveCfg = Release|Any CPU
		{6E3A04D0-DD9B-4202-A2E6-A67590349A3A}.Ad-Hoc|iPhoneSimulator.Build.0 = Release|Any CPU
		{6E3A04D0-DD9B-4202-A2E6-A67590349A3A}.Ad-Hoc|iPhoneSimulator.Deploy.0 = Release|Any CPU
		{6E3A04D0-DD9B-4202-A2E6-A67590349A3A}.AppStore|Any CPU.ActiveCfg = Release|Any CPU
		{6E3A04D0-DD9B-4202-A2E6-A67590349A3A}.AppStore|Any CPU.Build.0 = Release|Any CPU
		{6E3A04D0-DD9B-4202-A2E6-A67590349A3A}.AppStore|Any CPU.Deploy.0 = Release|Any CPU
		{6E3A04D0-DD9B-4202-A2E6-A67590349A3A}.AppStore|iPhone.ActiveCfg = Release|Any CPU
		{6E3A04D0-DD9B-4202-A2E6-A67590349A3A}.AppStore|iPhone.Build.0 = Release|Any CPU
		{6E3A04D0-DD9B-4202-A2E6-A67590349A3A}.AppStore|iPhone.Deploy.0 = Release|Any CPU
		{6E3A04D0-DD9B-4202-A2E6-A67590349A3A}.AppStore|iPhoneSimulator.ActiveCfg = Release|Any CPU
		{6E3A04D0-DD9B-4202-A2E6-A67590349A3A}.AppStore|iPhoneSimulator.Build.0 = Release|Any CPU
		{6E3A04D0-DD9B-4202-A2E6-A67590349A3A}.AppStore|iPhoneSimulator.Deploy.0 = Release|Any CPU
		{6E3A04D0-DD9B-4202-A2E6-A67590349A3A}.Debug|Any CPU.ActiveCfg = Debug|Any CPU
		{6E3A04D0-DD9B-4202-A2E6-A67590349A3A}.Debug|Any CPU.Build.0 = Debug|Any CPU
		{6E3A04D0-DD9B-4202-A2E6-A67590349A3A}.Debug|Any CPU.Deploy.0 = Debug|Any CPU
		{6E3A04D0-DD9B-4202-A2E6-A67590349A3A}.Debug|iPhone.ActiveCfg = Debug|Any CPU
		{6E3A04D0-DD9B-4202-A2E6-A67590349A3A}.Debug|iPhone.Build.0 = Debug|Any CPU
		{6E3A04D0-DD9B-4202-A2E6-A67590349A3A}.Debug|iPhone.Deploy.0 = Debug|Any CPU
		{6E3A04D0-DD9B-4202-A2E6-A67590349A3A}.Debug|iPhoneSimulator.ActiveCfg = Debug|Any CPU
		{6E3A04D0-DD9B-4202-A2E6-A67590349A3A}.Debug|iPhoneSimulator.Build.0 = Debug|Any CPU
		{6E3A04D0-DD9B-4202-A2E6-A67590349A3A}.Debug|iPhoneSimulator.Deploy.0 = Debug|Any CPU
		{6E3A04D0-DD9B-4202-A2E6-A67590349A3A}.Release|Any CPU.ActiveCfg = Release|Any CPU
		{6E3A04D0-DD9B-4202-A2E6-A67590349A3A}.Release|Any CPU.Build.0 = Release|Any CPU
		{6E3A04D0-DD9B-4202-A2E6-A67590349A3A}.Release|Any CPU.Deploy.0 = Release|Any CPU
		{6E3A04D0-DD9B-4202-A2E6-A67590349A3A}.Release|iPhone.ActiveCfg = Release|Any CPU
		{6E3A04D0-DD9B-4202-A2E6-A67590349A3A}.Release|iPhone.Build.0 = Release|Any CPU
		{6E3A04D0-DD9B-4202-A2E6-A67590349A3A}.Release|iPhone.Deploy.0 = Release|Any CPU
		{6E3A04D0-DD9B-4202-A2E6-A67590349A3A}.Release|iPhoneSimulator.ActiveCfg = Release|Any CPU
		{6E3A04D0-DD9B-4202-A2E6-A67590349A3A}.Release|iPhoneSimulator.Build.0 = Release|Any CPU
		{6E3A04D0-DD9B-4202-A2E6-A67590349A3A}.Release|iPhoneSimulator.Deploy.0 = Release|Any CPU
		{4565140D-0E61-4D05-A695-E3BA4D69DA4F}.Ad-Hoc|Any CPU.ActiveCfg = Ad-Hoc|iPhone
		{4565140D-0E61-4D05-A695-E3BA4D69DA4F}.Ad-Hoc|Any CPU.Build.0 = Ad-Hoc|iPhone
		{4565140D-0E61-4D05-A695-E3BA4D69DA4F}.Ad-Hoc|Any CPU.Deploy.0 = Ad-Hoc|iPhone
		{4565140D-0E61-4D05-A695-E3BA4D69DA4F}.Ad-Hoc|iPhone.ActiveCfg = Ad-Hoc|iPhone
		{4565140D-0E61-4D05-A695-E3BA4D69DA4F}.Ad-Hoc|iPhone.Build.0 = Ad-Hoc|iPhone
		{4565140D-0E61-4D05-A695-E3BA4D69DA4F}.Ad-Hoc|iPhone.Deploy.0 = Ad-Hoc|iPhone
		{4565140D-0E61-4D05-A695-E3BA4D69DA4F}.Ad-Hoc|iPhoneSimulator.ActiveCfg = Ad-Hoc|iPhoneSimulator
		{4565140D-0E61-4D05-A695-E3BA4D69DA4F}.Ad-Hoc|iPhoneSimulator.Build.0 = Ad-Hoc|iPhoneSimulator
		{4565140D-0E61-4D05-A695-E3BA4D69DA4F}.Ad-Hoc|iPhoneSimulator.Deploy.0 = Ad-Hoc|iPhoneSimulator
		{4565140D-0E61-4D05-A695-E3BA4D69DA4F}.AppStore|Any CPU.ActiveCfg = AppStore|iPhone
		{4565140D-0E61-4D05-A695-E3BA4D69DA4F}.AppStore|Any CPU.Build.0 = AppStore|iPhone
		{4565140D-0E61-4D05-A695-E3BA4D69DA4F}.AppStore|Any CPU.Deploy.0 = AppStore|iPhone
		{4565140D-0E61-4D05-A695-E3BA4D69DA4F}.AppStore|iPhone.ActiveCfg = AppStore|iPhone
		{4565140D-0E61-4D05-A695-E3BA4D69DA4F}.AppStore|iPhone.Build.0 = AppStore|iPhone
		{4565140D-0E61-4D05-A695-E3BA4D69DA4F}.AppStore|iPhone.Deploy.0 = AppStore|iPhone
		{4565140D-0E61-4D05-A695-E3BA4D69DA4F}.AppStore|iPhoneSimulator.ActiveCfg = AppStore|iPhoneSimulator
		{4565140D-0E61-4D05-A695-E3BA4D69DA4F}.AppStore|iPhoneSimulator.Build.0 = AppStore|iPhoneSimulator
		{4565140D-0E61-4D05-A695-E3BA4D69DA4F}.AppStore|iPhoneSimulator.Deploy.0 = AppStore|iPhoneSimulator
		{4565140D-0E61-4D05-A695-E3BA4D69DA4F}.Debug|Any CPU.ActiveCfg = Debug|iPhoneSimulator
		{4565140D-0E61-4D05-A695-E3BA4D69DA4F}.Debug|Any CPU.Build.0 = Debug|iPhoneSimulator
		{4565140D-0E61-4D05-A695-E3BA4D69DA4F}.Debug|Any CPU.Deploy.0 = Debug|iPhoneSimulator
		{4565140D-0E61-4D05-A695-E3BA4D69DA4F}.Debug|iPhone.ActiveCfg = Debug|iPhone
		{4565140D-0E61-4D05-A695-E3BA4D69DA4F}.Debug|iPhone.Build.0 = Debug|iPhone
		{4565140D-0E61-4D05-A695-E3BA4D69DA4F}.Debug|iPhone.Deploy.0 = Debug|iPhone
		{4565140D-0E61-4D05-A695-E3BA4D69DA4F}.Debug|iPhoneSimulator.ActiveCfg = Debug|iPhoneSimulator
		{4565140D-0E61-4D05-A695-E3BA4D69DA4F}.Debug|iPhoneSimulator.Build.0 = Debug|iPhoneSimulator
		{4565140D-0E61-4D05-A695-E3BA4D69DA4F}.Debug|iPhoneSimulator.Deploy.0 = Debug|iPhoneSimulator
		{4565140D-0E61-4D05-A695-E3BA4D69DA4F}.Release|Any CPU.ActiveCfg = Release|iPhone
		{4565140D-0E61-4D05-A695-E3BA4D69DA4F}.Release|Any CPU.Build.0 = Release|iPhone
		{4565140D-0E61-4D05-A695-E3BA4D69DA4F}.Release|Any CPU.Deploy.0 = Release|iPhone
		{4565140D-0E61-4D05-A695-E3BA4D69DA4F}.Release|iPhone.ActiveCfg = Release|iPhone
		{4565140D-0E61-4D05-A695-E3BA4D69DA4F}.Release|iPhone.Build.0 = Release|iPhone
		{4565140D-0E61-4D05-A695-E3BA4D69DA4F}.Release|iPhone.Deploy.0 = Release|iPhone
		{4565140D-0E61-4D05-A695-E3BA4D69DA4F}.Release|iPhoneSimulator.ActiveCfg = Release|iPhoneSimulator
		{4565140D-0E61-4D05-A695-E3BA4D69DA4F}.Release|iPhoneSimulator.Build.0 = Release|iPhoneSimulator
		{4565140D-0E61-4D05-A695-E3BA4D69DA4F}.Release|iPhoneSimulator.Deploy.0 = Release|iPhoneSimulator
		{4813A0C8-3887-4A73-AA1B-7A510148FEC0}.Ad-Hoc|Any CPU.ActiveCfg = Debug|Any CPU
		{4813A0C8-3887-4A73-AA1B-7A510148FEC0}.Ad-Hoc|Any CPU.Build.0 = Debug|Any CPU
		{4813A0C8-3887-4A73-AA1B-7A510148FEC0}.Ad-Hoc|Any CPU.Deploy.0 = Debug|Any CPU
		{4813A0C8-3887-4A73-AA1B-7A510148FEC0}.Ad-Hoc|iPhone.ActiveCfg = Debug|Any CPU
		{4813A0C8-3887-4A73-AA1B-7A510148FEC0}.Ad-Hoc|iPhone.Build.0 = Debug|Any CPU
		{4813A0C8-3887-4A73-AA1B-7A510148FEC0}.Ad-Hoc|iPhone.Deploy.0 = Debug|Any CPU
		{4813A0C8-3887-4A73-AA1B-7A510148FEC0}.Ad-Hoc|iPhoneSimulator.ActiveCfg = Debug|Any CPU
		{4813A0C8-3887-4A73-AA1B-7A510148FEC0}.Ad-Hoc|iPhoneSimulator.Build.0 = Debug|Any CPU
		{4813A0C8-3887-4A73-AA1B-7A510148FEC0}.Ad-Hoc|iPhoneSimulator.Deploy.0 = Debug|Any CPU
		{4813A0C8-3887-4A73-AA1B-7A510148FEC0}.AppStore|Any CPU.ActiveCfg = Debug|Any CPU
		{4813A0C8-3887-4A73-AA1B-7A510148FEC0}.AppStore|Any CPU.Build.0 = Debug|Any CPU
		{4813A0C8-3887-4A73-AA1B-7A510148FEC0}.AppStore|Any CPU.Deploy.0 = Debug|Any CPU
		{4813A0C8-3887-4A73-AA1B-7A510148FEC0}.AppStore|iPhone.ActiveCfg = Debug|Any CPU
		{4813A0C8-3887-4A73-AA1B-7A510148FEC0}.AppStore|iPhone.Build.0 = Debug|Any CPU
		{4813A0C8-3887-4A73-AA1B-7A510148FEC0}.AppStore|iPhone.Deploy.0 = Debug|Any CPU
		{4813A0C8-3887-4A73-AA1B-7A510148FEC0}.AppStore|iPhoneSimulator.ActiveCfg = Debug|Any CPU
		{4813A0C8-3887-4A73-AA1B-7A510148FEC0}.AppStore|iPhoneSimulator.Build.0 = Debug|Any CPU
		{4813A0C8-3887-4A73-AA1B-7A510148FEC0}.AppStore|iPhoneSimulator.Deploy.0 = Debug|Any CPU
		{4813A0C8-3887-4A73-AA1B-7A510148FEC0}.Debug|Any CPU.ActiveCfg = Debug|Any CPU
		{4813A0C8-3887-4A73-AA1B-7A510148FEC0}.Debug|Any CPU.Build.0 = Debug|Any CPU
		{4813A0C8-3887-4A73-AA1B-7A510148FEC0}.Debug|Any CPU.Deploy.0 = Debug|Any CPU
		{4813A0C8-3887-4A73-AA1B-7A510148FEC0}.Debug|iPhone.ActiveCfg = Debug|Any CPU
		{4813A0C8-3887-4A73-AA1B-7A510148FEC0}.Debug|iPhone.Build.0 = Debug|Any CPU
		{4813A0C8-3887-4A73-AA1B-7A510148FEC0}.Debug|iPhone.Deploy.0 = Debug|Any CPU
		{4813A0C8-3887-4A73-AA1B-7A510148FEC0}.Debug|iPhoneSimulator.ActiveCfg = Debug|Any CPU
		{4813A0C8-3887-4A73-AA1B-7A510148FEC0}.Debug|iPhoneSimulator.Build.0 = Debug|Any CPU
		{4813A0C8-3887-4A73-AA1B-7A510148FEC0}.Debug|iPhoneSimulator.Deploy.0 = Debug|Any CPU
		{4813A0C8-3887-4A73-AA1B-7A510148FEC0}.Release|Any CPU.ActiveCfg = Release|Any CPU
		{4813A0C8-3887-4A73-AA1B-7A510148FEC0}.Release|Any CPU.Build.0 = Release|Any CPU
		{4813A0C8-3887-4A73-AA1B-7A510148FEC0}.Release|Any CPU.Deploy.0 = Release|Any CPU
		{4813A0C8-3887-4A73-AA1B-7A510148FEC0}.Release|iPhone.ActiveCfg = Release|Any CPU
		{4813A0C8-3887-4A73-AA1B-7A510148FEC0}.Release|iPhone.Build.0 = Release|Any CPU
		{4813A0C8-3887-4A73-AA1B-7A510148FEC0}.Release|iPhone.Deploy.0 = Release|Any CPU
		{4813A0C8-3887-4A73-AA1B-7A510148FEC0}.Release|iPhoneSimulator.ActiveCfg = Release|Any CPU
		{4813A0C8-3887-4A73-AA1B-7A510148FEC0}.Release|iPhoneSimulator.Build.0 = Release|Any CPU
		{4813A0C8-3887-4A73-AA1B-7A510148FEC0}.Release|iPhoneSimulator.Deploy.0 = Release|Any CPU
	EndGlobalSection
	GlobalSection(SolutionProperties) = preSolution
		HideSolutionNode = FALSE
	EndGlobalSection
	GlobalSection(ExtensibilityGlobals) = postSolution
		SolutionGuid = {4CDEB6C9-9598-4325-B4F5-A869FADFC3CE}
	EndGlobalSection
EndGlobal
